PODS:
  - APUtils (2.0.0):
    - MAObjCRuntime
  - MAObjCRuntime (0.0.1)

DEPENDENCIES:
  - APUtils (from `https://github.com/andrei512/APUtils.git`)

EXTERNAL SOURCES:
  APUtils:
    :git: https://github.com/andrei512/APUtils.git

SPEC CHECKSUMS:
  APUtils: deb054daecf21b23b20b062eed0004f2fa3e417c
  MAObjCRuntime: 284004079156d10cb8237bc3ffcfa3a0e1a0af22

COCOAPODS: 0.26.1
