PODS:
  - MAObjCRuntime (0.0.1)
  - ReactiveCocoa (2.0):
    - ReactiveCocoa/Core
    - ReactiveCocoa/no-arc
    - ReactiveCocoa/RACExtensions
  - ReactiveCocoa/Core (2.0):
    - ReactiveCocoa/no-arc
  - ReactiveCocoa/no-arc (2.0)
  - ReactiveCocoa/RACExtensions (2.0):
    - ReactiveCocoa/Core

DEPENDENCIES:
  - MAObjCRuntime
  - ReactiveCocoa

SPEC CHECKSUMS:
  MAObjCRuntime: 284004079156d10cb8237bc3ffcfa3a0e1a0af22
  ReactiveCocoa: 04f49b91365cc946e7ca327bcfb5765fcea69e76

COCOAPODS: 0.24.0
