// !$*UTF8*$!
{
	archiveVersion = 1;
	classes = {
	};
	objectVersion = 46;
	objects = {

/* Begin PBXBuildFile section */
		6F227E9017D6DA9A0030A6C2 /* Foundation.framework in Frameworks */ = {isa = PBXBuildFile; fileRef = 6F227E8F17D6DA9A0030A6C2 /* Foundation.framework */; };
		6F227EE717D6DC1B0030A6C2 /* NSData+AES.m in Sources */ = {isa = PBXBuildFile; fileRef = 6F227ECA17D6DC1B0030A6C2 /* NSData+AES.m */; };
		6F227EE817D6DC1B0030A6C2 /* NSDate+Translator.m in Sources */ = {isa = PBXBuildFile; fileRef = 6F227ECE17D6DC1B0030A6C2 /* NSDate+Translator.m */; };
		6F227EE917D6DC1B0030A6C2 /* NSNumber+Date.m in Sources */ = {isa = PBXBuildFile; fileRef = 6F227ED217D6DC1B0030A6C2 /* NSNumber+Date.m */; };
		6F227EEA17D6DC1B0030A6C2 /* UIColor+HexString.m in Sources */ = {isa = PBXBuildFile; fileRef = 6F227ED617D6DC1B0030A6C2 /* UIColor+HexString.m */; };
		6F227EEB17D6DC1B0030A6C2 /* UIDevice+Resolutions.m in Sources */ = {isa = PBXBuildFile; fileRef = 6F227EDA17D6DC1B0030A6C2 /* UIDevice+Resolutions.m */; };
		6F227EEC17D6DC1B0030A6C2 /* UIImage+H568.m in Sources */ = {isa = PBXBuildFile; fileRef = 6F227EDE17D6DC1B0030A6C2 /* UIImage+H568.m */; };
		6F227EED17D6DC1B0030A6C2 /* UINavigationController+Pilot.m in Sources */ = {isa = PBXBuildFile; fileRef = 6F227EE217D6DC1B0030A6C2 /* UINavigationController+Pilot.m */; };
		6F227EEE17D6DC1B0030A6C2 /* UIView+ViewFrameGeometry.m in Sources */ = {isa = PBXBuildFile; fileRef = 6F227EE617D6DC1B0030A6C2 /* UIView+ViewFrameGeometry.m */; };
		6F579E2D17EBDC320087F048 /* NSString+Contains.m in Sources */ = {isa = PBXBuildFile; fileRef = 6F579E2C17EBDC320087F048 /* NSString+Contains.m */; };
		6F5ADB3117DE7B5E00C0DE9F /* NSString+InterfaceOrientation.m in Sources */ = {isa = PBXBuildFile; fileRef = 6F5ADB3017DE7B5E00C0DE9F /* NSString+InterfaceOrientation.m */; };
		6F5ADB3A17DE903D00C0DE9F /* UIDevice+Enumerator.m in Sources */ = {isa = PBXBuildFile; fileRef = 6F5ADB3917DE903D00C0DE9F /* UIDevice+Enumerator.m */; };
		6F6CB4C917D82B0A005EBC83 /* UIColor+RGB.m in Sources */ = {isa = PBXBuildFile; fileRef = 6F6CB4C817D82B0A005EBC83 /* UIColor+RGB.m */; };
		6F7EDF8517EA5B840014E2BC /* NSDictionary+JSON.m in Sources */ = {isa = PBXBuildFile; fileRef = 6F7EDF8417EA5B840014E2BC /* NSDictionary+JSON.m */; };
		6F891F5C17E4034B00DF1045 /* NSString+Blank.m in Sources */ = {isa = PBXBuildFile; fileRef = 6F891F5B17E4034B00DF1045 /* NSString+Blank.m */; };
		6FF232D517D80648000AC519 /* NSNumber+Random.m in Sources */ = {isa = PBXBuildFile; fileRef = 6FF232D417D80648000AC519 /* NSNumber+Random.m */; };
		6FF232DA17D80B63000AC519 /* NSString+BOOL.m in Sources */ = {isa = PBXBuildFile; fileRef = 6FF232D917D80B63000AC519 /* NSString+BOOL.m */; };
/* End PBXBuildFile section */

/* Begin PBXCopyFilesBuildPhase section */
		6F227E8A17D6DA9A0030A6C2 /* CopyFiles */ = {
			isa = PBXCopyFilesBuildPhase;
			buildActionMask = 2147483647;
			dstPath = "include/${PRODUCT_NAME}";
			dstSubfolderSpec = 16;
			files = (
			);
			runOnlyForDeploymentPostprocessing = 0;
		};
/* End PBXCopyFilesBuildPhase section */

/* Begin PBXFileReference section */
		6F227E8C17D6DA9A0030A6C2 /* libOLCategoryHelper.a */ = {isa = PBXFileReference; explicitFileType = archive.ar; includeInIndex = 0; path = libOLCategoryHelper.a; sourceTree = BUILT_PRODUCTS_DIR; };
		6F227E8F17D6DA9A0030A6C2 /* Foundation.framework */ = {isa = PBXFileReference; lastKnownFileType = wrapper.framework; name = Foundation.framework; path = System/Library/Frameworks/Foundation.framework; sourceTree = SDKROOT; };
		6F227E9317D6DA9A0030A6C2 /* OLCategoryHelper-Prefix.pch */ = {isa = PBXFileReference; lastKnownFileType = sourcecode.c.h; path = "OLCategoryHelper-Prefix.pch"; sourceTree = "<group>"; };
		6F227EC917D6DC1B0030A6C2 /* NSData+AES.h */ = {isa = PBXFileReference; fileEncoding = 4; lastKnownFileType = sourcecode.c.h; path = "NSData+AES.h"; sourceTree = "<group>"; };
		6F227ECA17D6DC1B0030A6C2 /* NSData+AES.m */ = {isa = PBXFileReference; fileEncoding = 4; lastKnownFileType = sourcecode.c.objc; path = "NSData+AES.m"; sourceTree = "<group>"; };
		6F227ECD17D6DC1B0030A6C2 /* NSDate+Translator.h */ = {isa = PBXFileReference; fileEncoding = 4; lastKnownFileType = sourcecode.c.h; path = "NSDate+Translator.h"; sourceTree = "<group>"; };
		6F227ECE17D6DC1B0030A6C2 /* NSDate+Translator.m */ = {isa = PBXFileReference; fileEncoding = 4; lastKnownFileType = sourcecode.c.objc; path = "NSDate+Translator.m"; sourceTree = "<group>"; };
		6F227ED117D6DC1B0030A6C2 /* NSNumber+Date.h */ = {isa = PBXFileReference; fileEncoding = 4; lastKnownFileType = sourcecode.c.h; path = "NSNumber+Date.h"; sourceTree = "<group>"; };
		6F227ED217D6DC1B0030A6C2 /* NSNumber+Date.m */ = {isa = PBXFileReference; fileEncoding = 4; lastKnownFileType = sourcecode.c.objc; path = "NSNumber+Date.m"; sourceTree = "<group>"; };
		6F227ED517D6DC1B0030A6C2 /* UIColor+HexString.h */ = {isa = PBXFileReference; fileEncoding = 4; lastKnownFileType = sourcecode.c.h; path = "UIColor+HexString.h"; sourceTree = "<group>"; };
		6F227ED617D6DC1B0030A6C2 /* UIColor+HexString.m */ = {isa = PBXFileReference; fileEncoding = 4; lastKnownFileType = sourcecode.c.objc; path = "UIColor+HexString.m"; sourceTree = "<group>"; };
		6F227ED917D6DC1B0030A6C2 /* UIDevice+Resolutions.h */ = {isa = PBXFileReference; fileEncoding = 4; lastKnownFileType = sourcecode.c.h; path = "UIDevice+Resolutions.h"; sourceTree = "<group>"; };
		6F227EDA17D6DC1B0030A6C2 /* UIDevice+Resolutions.m */ = {isa = PBXFileReference; fileEncoding = 4; lastKnownFileType = sourcecode.c.objc; path = "UIDevice+Resolutions.m"; sourceTree = "<group>"; };
		6F227EDD17D6DC1B0030A6C2 /* UIImage+H568.h */ = {isa = PBXFileReference; fileEncoding = 4; lastKnownFileType = sourcecode.c.h; path = "UIImage+H568.h"; sourceTree = "<group>"; };
		6F227EDE17D6DC1B0030A6C2 /* UIImage+H568.m */ = {isa = PBXFileReference; fileEncoding = 4; lastKnownFileType = sourcecode.c.objc; path = "UIImage+H568.m"; sourceTree = "<group>"; };
		6F227EE117D6DC1B0030A6C2 /* UINavigationController+Pilot.h */ = {isa = PBXFileReference; fileEncoding = 4; lastKnownFileType = sourcecode.c.h; path = "UINavigationController+Pilot.h"; sourceTree = "<group>"; };
		6F227EE217D6DC1B0030A6C2 /* UINavigationController+Pilot.m */ = {isa = PBXFileReference; fileEncoding = 4; lastKnownFileType = sourcecode.c.objc; path = "UINavigationController+Pilot.m"; sourceTree = "<group>"; };
		6F227EE517D6DC1B0030A6C2 /* UIView+ViewFrameGeometry.h */ = {isa = PBXFileReference; fileEncoding = 4; lastKnownFileType = sourcecode.c.h; path = "UIView+ViewFrameGeometry.h"; sourceTree = "<group>"; };
		6F227EE617D6DC1B0030A6C2 /* UIView+ViewFrameGeometry.m */ = {isa = PBXFileReference; fileEncoding = 4; lastKnownFileType = sourcecode.c.objc; path = "UIView+ViewFrameGeometry.m"; sourceTree = "<group>"; };
		6F579E2B17EBDC320087F048 /* NSString+Contains.h */ = {isa = PBXFileReference; fileEncoding = 4; lastKnownFileType = sourcecode.c.h; name = "NSString+Contains.h"; path = "NSString/NSString+Contains/NSString+Contains.h"; sourceTree = "<group>"; };
		6F579E2C17EBDC320087F048 /* NSString+Contains.m */ = {isa = PBXFileReference; fileEncoding = 4; lastKnownFileType = sourcecode.c.objc; name = "NSString+Contains.m"; path = "NSString/NSString+Contains/NSString+Contains.m"; sourceTree = "<group>"; };
		6F5ADB2F17DE7B5E00C0DE9F /* NSString+InterfaceOrientation.h */ = {isa = PBXFileReference; fileEncoding = 4; lastKnownFileType = sourcecode.c.h; path = "NSString+InterfaceOrientation.h"; sourceTree = "<group>"; };
		6F5ADB3017DE7B5E00C0DE9F /* NSString+InterfaceOrientation.m */ = {isa = PBXFileReference; fileEncoding = 4; lastKnownFileType = sourcecode.c.objc; path = "NSString+InterfaceOrientation.m"; sourceTree = "<group>"; };
		6F5ADB3817DE903D00C0DE9F /* UIDevice+Enumerator.h */ = {isa = PBXFileReference; fileEncoding = 4; lastKnownFileType = sourcecode.c.h; path = "UIDevice+Enumerator.h"; sourceTree = "<group>"; };
		6F5ADB3917DE903D00C0DE9F /* UIDevice+Enumerator.m */ = {isa = PBXFileReference; fileEncoding = 4; lastKnownFileType = sourcecode.c.objc; path = "UIDevice+Enumerator.m"; sourceTree = "<group>"; };
		6F6CB4C717D82B0A005EBC83 /* UIColor+RGB.h */ = {isa = PBXFileReference; fileEncoding = 4; lastKnownFileType = sourcecode.c.h; name = "UIColor+RGB.h"; path = "UIColor+RGB/UIColor+RGB.h"; sourceTree = "<group>"; };
		6F6CB4C817D82B0A005EBC83 /* UIColor+RGB.m */ = {isa = PBXFileReference; fileEncoding = 4; lastKnownFileType = sourcecode.c.objc; name = "UIColor+RGB.m"; path = "UIColor+RGB/UIColor+RGB.m"; sourceTree = "<group>"; };
		6F7EDF8317EA5B840014E2BC /* NSDictionary+JSON.h */ = {isa = PBXFileReference; fileEncoding = 4; lastKnownFileType = sourcecode.c.h; path = "NSDictionary+JSON.h"; sourceTree = "<group>"; };
		6F7EDF8417EA5B840014E2BC /* NSDictionary+JSON.m */ = {isa = PBXFileReference; fileEncoding = 4; lastKnownFileType = sourcecode.c.objc; path = "NSDictionary+JSON.m"; sourceTree = "<group>"; };
		6F891F5A17E4034B00DF1045 /* NSString+Blank.h */ = {isa = PBXFileReference; fileEncoding = 4; lastKnownFileType = sourcecode.c.h; name = "NSString+Blank.h"; path = "NSString/NSString+Blank/NSString+Blank.h"; sourceTree = "<group>"; };
		6F891F5B17E4034B00DF1045 /* NSString+Blank.m */ = {isa = PBXFileReference; fileEncoding = 4; lastKnownFileType = sourcecode.c.objc; name = "NSString+Blank.m"; path = "NSString/NSString+Blank/NSString+Blank.m"; sourceTree = "<group>"; };
		6FF232D317D80648000AC519 /* NSNumber+Random.h */ = {isa = PBXFileReference; fileEncoding = 4; lastKnownFileType = sourcecode.c.h; name = "NSNumber+Random.h"; path = "NSNumber+Random/NSNumber+Random.h"; sourceTree = "<group>"; };
		6FF232D417D80648000AC519 /* NSNumber+Random.m */ = {isa = PBXFileReference; fileEncoding = 4; lastKnownFileType = sourcecode.c.objc; name = "NSNumber+Random.m"; path = "NSNumber+Random/NSNumber+Random.m"; sourceTree = "<group>"; };
		6FF232D817D80B63000AC519 /* NSString+BOOL.h */ = {isa = PBXFileReference; fileEncoding = 4; lastKnownFileType = sourcecode.c.h; name = "NSString+BOOL.h"; path = "NSString/NSString+BOOL/NSString+BOOL.h"; sourceTree = "<group>"; };
		6FF232D917D80B63000AC519 /* NSString+BOOL.m */ = {isa = PBXFileReference; fileEncoding = 4; lastKnownFileType = sourcecode.c.objc; name = "NSString+BOOL.m"; path = "NSString/NSString+BOOL/NSString+BOOL.m"; sourceTree = "<group>"; };
/* End PBXFileReference section */

/* Begin PBXFrameworksBuildPhase section */
		6F227E8917D6DA9A0030A6C2 /* Frameworks */ = {
			isa = PBXFrameworksBuildPhase;
			buildActionMask = 2147483647;
			files = (
				6F227E9017D6DA9A0030A6C2 /* Foundation.framework in Frameworks */,
			);
			runOnlyForDeploymentPostprocessing = 0;
		};
/* End PBXFrameworksBuildPhase section */

/* Begin PBXGroup section */
		6F227E8317D6DA9A0030A6C2 = {
			isa = PBXGroup;
			children = (
				6F227EC617D6DC1B0030A6C2 /* Category */,
				6F227E9217D6DA9A0030A6C2 /* Supporting Files */,
				6F227E8E17D6DA9A0030A6C2 /* Frameworks */,
				6F227E8D17D6DA9A0030A6C2 /* Products */,
			);
			sourceTree = "<group>";
		};
		6F227E8D17D6DA9A0030A6C2 /* Products */ = {
			isa = PBXGroup;
			children = (
				6F227E8C17D6DA9A0030A6C2 /* libOLCategoryHelper.a */,
			);
			name = Products;
			sourceTree = "<group>";
		};
		6F227E8E17D6DA9A0030A6C2 /* Frameworks */ = {
			isa = PBXGroup;
			children = (
				6F227E8F17D6DA9A0030A6C2 /* Foundation.framework */,
			);
			name = Frameworks;
			sourceTree = "<group>";
		};
		6F227E9217D6DA9A0030A6C2 /* Supporting Files */ = {
			isa = PBXGroup;
			children = (
				6F227E9317D6DA9A0030A6C2 /* OLCategoryHelper-Prefix.pch */,
			);
			name = "Supporting Files";
			path = OLCategoryHelper;
			sourceTree = "<group>";
		};
		6F227EC617D6DC1B0030A6C2 /* Category */ = {
			isa = PBXGroup;
			children = (
				6F227EC717D6DC1B0030A6C2 /* NSData */,
				6F227ECB17D6DC1B0030A6C2 /* NSDate */,
				6F7EDF7D17E9602C0014E2BC /* NSDictionary */,
				6F227ECF17D6DC1B0030A6C2 /* NSNumber */,
				6FF232D617D80B08000AC519 /* NSString */,
				6F227ED317D6DC1B0030A6C2 /* UIColor */,
				6F227ED717D6DC1B0030A6C2 /* UIDevice */,
				6F227EDB17D6DC1B0030A6C2 /* UIImage */,
				6F227EDF17D6DC1B0030A6C2 /* UINavigationController */,
				6F227EE317D6DC1B0030A6C2 /* UIView */,
				6F7EDF7D17E9602C0014E2BC /* NSDictionary */,
			);
			path = Category;
			sourceTree = "<group>";
		};
		6F227EC717D6DC1B0030A6C2 /* NSData */ = {
			isa = PBXGroup;
			children = (
				6F227EC817D6DC1B0030A6C2 /* NSData+AES */,
			);
			path = NSData;
			sourceTree = "<group>";
		};
		6F227EC817D6DC1B0030A6C2 /* NSData+AES */ = {
			isa = PBXGroup;
			children = (
				6F227EC917D6DC1B0030A6C2 /* NSData+AES.h */,
				6F227ECA17D6DC1B0030A6C2 /* NSData+AES.m */,
			);
			path = "NSData+AES";
			sourceTree = "<group>";
		};
		6F227ECB17D6DC1B0030A6C2 /* NSDate */ = {
			isa = PBXGroup;
			children = (
				6F227ECC17D6DC1B0030A6C2 /* NSDate+Translator */,
			);
			path = NSDate;
			sourceTree = "<group>";
		};
		6F227ECC17D6DC1B0030A6C2 /* NSDate+Translator */ = {
			isa = PBXGroup;
			children = (
				6F227ECD17D6DC1B0030A6C2 /* NSDate+Translator.h */,
				6F227ECE17D6DC1B0030A6C2 /* NSDate+Translator.m */,
			);
			path = "NSDate+Translator";
			sourceTree = "<group>";
		};
		6F227ECF17D6DC1B0030A6C2 /* NSNumber */ = {
			isa = PBXGroup;
			children = (
				6F227ED017D6DC1B0030A6C2 /* NSNumber+Date */,
				6FF232CF17D805D9000AC519 /* NSNumber+Random */,
			);
			path = NSNumber;
			sourceTree = "<group>";
		};
		6F227ED017D6DC1B0030A6C2 /* NSNumber+Date */ = {
			isa = PBXGroup;
			children = (
				6F227ED117D6DC1B0030A6C2 /* NSNumber+Date.h */,
				6F227ED217D6DC1B0030A6C2 /* NSNumber+Date.m */,
			);
			path = "NSNumber+Date";
			sourceTree = "<group>";
		};
		6F227ED317D6DC1B0030A6C2 /* UIColor */ = {
			isa = PBXGroup;
			children = (
				6F227ED417D6DC1B0030A6C2 /* UIColor+HexString */,
				6F6CB4C617D82AE4005EBC83 /* UIColor+RGB */,
			);
			path = UIColor;
			sourceTree = "<group>";
		};
		6F227ED417D6DC1B0030A6C2 /* UIColor+HexString */ = {
			isa = PBXGroup;
			children = (
				6F227ED517D6DC1B0030A6C2 /* UIColor+HexString.h */,
				6F227ED617D6DC1B0030A6C2 /* UIColor+HexString.m */,
			);
			path = "UIColor+HexString";
			sourceTree = "<group>";
		};
		6F227ED717D6DC1B0030A6C2 /* UIDevice */ = {
			isa = PBXGroup;
			children = (
				6F5ADB3717DE903D00C0DE9F /* UIDevice+Enumerator */,
				6F227ED817D6DC1B0030A6C2 /* UIDevice+Resolutions */,
			);
			path = UIDevice;
			sourceTree = "<group>";
		};
		6F227ED817D6DC1B0030A6C2 /* UIDevice+Resolutions */ = {
			isa = PBXGroup;
			children = (
				6F227ED917D6DC1B0030A6C2 /* UIDevice+Resolutions.h */,
				6F227EDA17D6DC1B0030A6C2 /* UIDevice+Resolutions.m */,
			);
			path = "UIDevice+Resolutions";
			sourceTree = "<group>";
		};
		6F227EDB17D6DC1B0030A6C2 /* UIImage */ = {
			isa = PBXGroup;
			children = (
				6F227EDC17D6DC1B0030A6C2 /* UIImage+H568 */,
			);
			path = UIImage;
			sourceTree = "<group>";
		};
		6F227EDC17D6DC1B0030A6C2 /* UIImage+H568 */ = {
			isa = PBXGroup;
			children = (
				6F227EDD17D6DC1B0030A6C2 /* UIImage+H568.h */,
				6F227EDE17D6DC1B0030A6C2 /* UIImage+H568.m */,
			);
			path = "UIImage+H568";
			sourceTree = "<group>";
		};
		6F227EDF17D6DC1B0030A6C2 /* UINavigationController */ = {
			isa = PBXGroup;
			children = (
				6F227EE017D6DC1B0030A6C2 /* UINavigationController+Pilot */,
			);
			path = UINavigationController;
			sourceTree = "<group>";
		};
		6F227EE017D6DC1B0030A6C2 /* UINavigationController+Pilot */ = {
			isa = PBXGroup;
			children = (
				6F227EE117D6DC1B0030A6C2 /* UINavigationController+Pilot.h */,
				6F227EE217D6DC1B0030A6C2 /* UINavigationController+Pilot.m */,
			);
			path = "UINavigationController+Pilot";
			sourceTree = "<group>";
		};
		6F227EE317D6DC1B0030A6C2 /* UIView */ = {
			isa = PBXGroup;
			children = (
				6F227EE417D6DC1B0030A6C2 /* UIView+ViewFrameGeometry */,
			);
			path = UIView;
			sourceTree = "<group>";
		};
		6F227EE417D6DC1B0030A6C2 /* UIView+ViewFrameGeometry */ = {
			isa = PBXGroup;
			children = (
				6F227EE517D6DC1B0030A6C2 /* UIView+ViewFrameGeometry.h */,
				6F227EE617D6DC1B0030A6C2 /* UIView+ViewFrameGeometry.m */,
			);
			path = "UIView+ViewFrameGeometry";
			sourceTree = "<group>";
		};
		6F33E23417EBDB4F00135BE4 /* NSString+Contains */ = {
			isa = PBXGroup;
			children = (
				6F579E2B17EBDC320087F048 /* NSString+Contains.h */,
				6F579E2C17EBDC320087F048 /* NSString+Contains.m */,
			);
			name = "NSString+Contains";
			sourceTree = "<group>";
		};
		6F5ADB2E17DE7B5E00C0DE9F /* NSString+InterfaceOrientation */ = {
			isa = PBXGroup;
			children = (
				6F5ADB2F17DE7B5E00C0DE9F /* NSString+InterfaceOrientation.h */,
				6F5ADB3017DE7B5E00C0DE9F /* NSString+InterfaceOrientation.m */,
			);
			name = "NSString+InterfaceOrientation";
			path = "NSString/NSString+InterfaceOrientation";
			sourceTree = "<group>";
		};
		6F5ADB3717DE903D00C0DE9F /* UIDevice+Enumerator */ = {
			isa = PBXGroup;
			children = (
				6F5ADB3817DE903D00C0DE9F /* UIDevice+Enumerator.h */,
				6F5ADB3917DE903D00C0DE9F /* UIDevice+Enumerator.m */,
			);
			path = "UIDevice+Enumerator";
			sourceTree = "<group>";
		};
		6F6CB4C617D82AE4005EBC83 /* UIColor+RGB */ = {
			isa = PBXGroup;
			children = (
				6F6CB4C717D82B0A005EBC83 /* UIColor+RGB.h */,
				6F6CB4C817D82B0A005EBC83 /* UIColor+RGB.m */,
			);
			name = "UIColor+RGB";
			sourceTree = "<group>";
		};
		6F7EDF7D17E9602C0014E2BC /* NSDictionary */ = {
			isa = PBXGroup;
			children = (
				6F7EDF8217EA5B840014E2BC /* NSDictionary+JSON */,
			);
			name = NSDictionary;
			sourceTree = "<group>";
		};
		6F7EDF8217EA5B840014E2BC /* NSDictionary+JSON */ = {
			isa = PBXGroup;
			children = (
				6F7EDF8317EA5B840014E2BC /* NSDictionary+JSON.h */,
				6F7EDF8417EA5B840014E2BC /* NSDictionary+JSON.m */,
			);
			name = "NSDictionary+JSON";
			path = "NSDictionary/NSDictionary+JSON";
			sourceTree = "<group>";
		};
		6F891F5917E402BC00DF1045 /* NSString+Blank */ = {
			isa = PBXGroup;
			children = (
				6F891F5A17E4034B00DF1045 /* NSString+Blank.h */,
				6F891F5B17E4034B00DF1045 /* NSString+Blank.m */,
			);
			name = "NSString+Blank";
			sourceTree = "<group>";
		};
		6FF232CF17D805D9000AC519 /* NSNumber+Random */ = {
			isa = PBXGroup;
			children = (
				6FF232D317D80648000AC519 /* NSNumber+Random.h */,
				6FF232D417D80648000AC519 /* NSNumber+Random.m */,
			);
			name = "NSNumber+Random";
			sourceTree = "<group>";
		};
		6FF232D617D80B08000AC519 /* NSString */ = {
			isa = PBXGroup;
			children = (
				6F891F5917E402BC00DF1045 /* NSString+Blank */,
				6FF232D717D80B14000AC519 /* NSString+BOOL */,
				6F33E23417EBDB4F00135BE4 /* NSString+Contains */,
				6F5ADB2E17DE7B5E00C0DE9F /* NSString+InterfaceOrientation */,
			);
			name = NSString;
			sourceTree = "<group>";
		};
		6FF232D717D80B14000AC519 /* NSString+BOOL */ = {
			isa = PBXGroup;
			children = (
				6FF232D817D80B63000AC519 /* NSString+BOOL.h */,
				6FF232D917D80B63000AC519 /* NSString+BOOL.m */,
			);
			name = "NSString+BOOL";
			sourceTree = "<group>";
		};
/* End PBXGroup section */

/* Begin PBXNativeTarget section */
		6F227E8B17D6DA9A0030A6C2 /* OLCategoryHelper */ = {
			isa = PBXNativeTarget;
			buildConfigurationList = 6F227E9A17D6DA9A0030A6C2 /* Build configuration list for PBXNativeTarget "OLCategoryHelper" */;
			buildPhases = (
				6F227E8817D6DA9A0030A6C2 /* Sources */,
				6F227E8917D6DA9A0030A6C2 /* Frameworks */,
				6F227E8A17D6DA9A0030A6C2 /* CopyFiles */,
			);
			buildRules = (
			);
			dependencies = (
			);
			name = OLCategoryHelper;
			productName = OLCategoryHelper;
			productReference = 6F227E8C17D6DA9A0030A6C2 /* libOLCategoryHelper.a */;
			productType = "com.apple.product-type.library.static";
		};
/* End PBXNativeTarget section */

/* Begin PBXProject section */
		6F227E8417D6DA9A0030A6C2 /* Project object */ = {
			isa = PBXProject;
			attributes = {
				LastUpgradeCheck = 0460;
				ORGANIZATIONNAME = "Octalord Information Inc.";
			};
			buildConfigurationList = 6F227E8717D6DA9A0030A6C2 /* Build configuration list for PBXProject "OLCategoryHelper" */;
			compatibilityVersion = "Xcode 3.2";
			developmentRegion = English;
			hasScannedForEncodings = 0;
			knownRegions = (
				en,
			);
			mainGroup = 6F227E8317D6DA9A0030A6C2;
			productRefGroup = 6F227E8D17D6DA9A0030A6C2 /* Products */;
			projectDirPath = "";
			projectRoot = "";
			targets = (
				6F227E8B17D6DA9A0030A6C2 /* OLCategoryHelper */,
			);
		};
/* End PBXProject section */

/* Begin PBXSourcesBuildPhase section */
		6F227E8817D6DA9A0030A6C2 /* Sources */ = {
			isa = PBXSourcesBuildPhase;
			buildActionMask = 2147483647;
			files = (
				6F227EE717D6DC1B0030A6C2 /* NSData+AES.m in Sources */,
				6F227EE817D6DC1B0030A6C2 /* NSDate+Translator.m in Sources */,
				6F227EE917D6DC1B0030A6C2 /* NSNumber+Date.m in Sources */,
				6F227EEA17D6DC1B0030A6C2 /* UIColor+HexString.m in Sources */,
				6F227EEB17D6DC1B0030A6C2 /* UIDevice+Resolutions.m in Sources */,
				6F227EEC17D6DC1B0030A6C2 /* UIImage+H568.m in Sources */,
				6F227EED17D6DC1B0030A6C2 /* UINavigationController+Pilot.m in Sources */,
				6F227EEE17D6DC1B0030A6C2 /* UIView+ViewFrameGeometry.m in Sources */,
				6FF232D517D80648000AC519 /* NSNumber+Random.m in Sources */,
				6FF232DA17D80B63000AC519 /* NSString+BOOL.m in Sources */,
				6F6CB4C917D82B0A005EBC83 /* UIColor+RGB.m in Sources */,
				6F5ADB3117DE7B5E00C0DE9F /* NSString+InterfaceOrientation.m in Sources */,
				6F5ADB3A17DE903D00C0DE9F /* UIDevice+Enumerator.m in Sources */,
				6F891F5C17E4034B00DF1045 /* NSString+Blank.m in Sources */,
				6F7EDF8517EA5B840014E2BC /* NSDictionary+JSON.m in Sources */,
				6F579E2D17EBDC320087F048 /* NSString+Contains.m in Sources */,
			);
			runOnlyForDeploymentPostprocessing = 0;
		};
/* End PBXSourcesBuildPhase section */

/* Begin XCBuildConfiguration section */
		6F227E9817D6DA9A0030A6C2 /* Debug */ = {
			isa = XCBuildConfiguration;
			buildSettings = {
				ALWAYS_SEARCH_USER_PATHS = NO;
				CLANG_CXX_LANGUAGE_STANDARD = "gnu++0x";
				CLANG_CXX_LIBRARY = "libc++";
				CLANG_WARN_CONSTANT_CONVERSION = YES;
				CLANG_WARN_EMPTY_BODY = YES;
				CLANG_WARN_ENUM_CONVERSION = YES;
				CLANG_WARN_INT_CONVERSION = YES;
				CLANG_WARN__DUPLICATE_METHOD_MATCH = YES;
				COPY_PHASE_STRIP = NO;
				GCC_C_LANGUAGE_STANDARD = gnu99;
				GCC_DYNAMIC_NO_PIC = NO;
				GCC_OPTIMIZATION_LEVEL = 0;
				GCC_PREPROCESSOR_DEFINITIONS = (
					"DEBUG=1",
					"$(inherited)",
				);
				GCC_SYMBOLS_PRIVATE_EXTERN = NO;
				GCC_WARN_ABOUT_RETURN_TYPE = YES;
				GCC_WARN_UNINITIALIZED_AUTOS = YES;
				GCC_WARN_UNUSED_VARIABLE = YES;
				IPHONEOS_DEPLOYMENT_TARGET = 6.1;
				ONLY_ACTIVE_ARCH = YES;
				SDKROOT = iphoneos;
			};
			name = Debug;
		};
		6F227E9917D6DA9A0030A6C2 /* Release */ = {
			isa = XCBuildConfiguration;
			buildSettings = {
				ALWAYS_SEARCH_USER_PATHS = NO;
				CLANG_CXX_LANGUAGE_STANDARD = "gnu++0x";
				CLANG_CXX_LIBRARY = "libc++";
				CLANG_WARN_CONSTANT_CONVERSION = YES;
				CLANG_WARN_EMPTY_BODY = YES;
				CLANG_WARN_ENUM_CONVERSION = YES;
				CLANG_WARN_INT_CONVERSION = YES;
				CLANG_WARN__DUPLICATE_METHOD_MATCH = YES;
				COPY_PHASE_STRIP = YES;
				GCC_C_LANGUAGE_STANDARD = gnu99;
				GCC_WARN_ABOUT_RETURN_TYPE = YES;
				GCC_WARN_UNINITIALIZED_AUTOS = YES;
				GCC_WARN_UNUSED_VARIABLE = YES;
				IPHONEOS_DEPLOYMENT_TARGET = 6.1;
				SDKROOT = iphoneos;
				VALIDATE_PRODUCT = YES;
			};
			name = Release;
		};
		6F227E9B17D6DA9A0030A6C2 /* Debug */ = {
			isa = XCBuildConfiguration;
			buildSettings = {
				DSTROOT = /tmp/OLCategoryHelper.dst;
				GCC_PRECOMPILE_PREFIX_HEADER = YES;
				GCC_PREFIX_HEADER = "OLCategoryHelper/OLCategoryHelper-Prefix.pch";
				OTHER_LDFLAGS = "-ObjC";
				PRODUCT_NAME = "$(TARGET_NAME)";
				SKIP_INSTALL = YES;
			};
			name = Debug;
		};
		6F227E9C17D6DA9A0030A6C2 /* Release */ = {
			isa = XCBuildConfiguration;
			buildSettings = {
				DSTROOT = /tmp/OLCategoryHelper.dst;
				GCC_PRECOMPILE_PREFIX_HEADER = YES;
				GCC_PREFIX_HEADER = "OLCategoryHelper/OLCategoryHelper-Prefix.pch";
				OTHER_LDFLAGS = "-ObjC";
				PRODUCT_NAME = "$(TARGET_NAME)";
				SKIP_INSTALL = YES;
			};
			name = Release;
		};
/* End XCBuildConfiguration section */

/* Begin XCConfigurationList section */
		6F227E8717D6DA9A0030A6C2 /* Build configuration list for PBXProject "OLCategoryHelper" */ = {
			isa = XCConfigurationList;
			buildConfigurations = (
				6F227E9817D6DA9A0030A6C2 /* Debug */,
				6F227E9917D6DA9A0030A6C2 /* Release */,
			);
			defaultConfigurationIsVisible = 0;
			defaultConfigurationName = Release;
		};
		6F227E9A17D6DA9A0030A6C2 /* Build configuration list for PBXNativeTarget "OLCategoryHelper" */ = {
			isa = XCConfigurationList;
			buildConfigurations = (
				6F227E9B17D6DA9A0030A6C2 /* Debug */,
				6F227E9C17D6DA9A0030A6C2 /* Release */,
			);
			defaultConfigurationIsVisible = 0;
			defaultConfigurationName = Release;
		};
/* End XCConfigurationList section */
	};
	rootObject = 6F227E8417D6DA9A0030A6C2 /* Project object */;
}
